dependencies:
- name: kube-state-metrics
  repository: https://prometheus-community.github.io/helm-charts
  version: 3.4.0
- name: prometheus-node-exporter
  repository: https://prometheus-community.github.io/helm-charts
  version: 1.18.2
- name: grafana
  repository: https://grafana.github.io/helm-charts
  version: 6.13.6
digest: sha256:792354f779f25bbfd619a65a66b87a72830250c3c76a5dd5326ed7d071afcbe6
generated: "2021-07-02T17:28:50.626904605+02:00"
